
Microsoft Visual Studio Solution File, Format Version 12.00
# Visual Studio 15
VisualStudioVersion = 15.0.28010.2041
MinimumVisualStudioVersion = 10.0.40219.1
Project("{FAE04EC0-301F-11D3-BF4B-00C04F79EFBC}") = "Maintenance_Updater", "Maintenance_Updater\Maintenance_Updater.csproj", "{37B0DA96-55F4-4BFB-9744-903303B8D371}"
EndProject
Project("{FAE04EC0-301F-11D3-BF4B-00C04F79EFBC}") = "BarCodeGenerator", "BarCodeGenerator\BarCodeGenerator.csproj", "{DEFCE5DD-F842-4253-8F3C-904CCA39FB68}"
EndProject
Project("{FAE04EC0-301F-11D3-BF4B-00C04F79EFBC}") = "BarCodeGeneratorTest", "BarCodeGeneratorTest\BarCodeGeneratorTest.csproj", "{542063C7-083A-4E38-B90B-CE54CE386F33}"
EndProject
Project("{FAE04EC0-301F-11D3-BF4B-00C04F79EFBC}") = "Maintenance_UpdaterTest", "Maintenance_UpdaterTest\Maintenance_UpdaterTest.csproj", "{2B7B9CB1-1B61-4F97-B1EF-442F6105EA6D}"
EndProject
Project("{FAE04EC0-301F-11D3-BF4B-00C04F79EFBC}") = "AppLogger", "AppLogger\AppLogger.csproj", "{8F7BAF63-1C10-44AC-8F30-558F3288A78E}"
EndProject
Global
	GlobalSection(SolutionConfigurationPlatforms) = preSolution
		Debug|Any CPU = Debug|Any CPU
		Release|Any CPU = Release|Any CPU
	EndGlobalSection
	GlobalSection(ProjectConfigurationPlatforms) = postSolution
		{37B0DA96-55F4-4BFB-9744-903303B8D371}.Debug|Any CPU.ActiveCfg = Debug|Any CPU
		{37B0DA96-55F4-4BFB-9744-903303B8D371}.Debug|Any CPU.Build.0 = Debug|Any CPU
		{37B0DA96-55F4-4BFB-9744-903303B8D371}.Release|Any CPU.ActiveCfg = Release|Any CPU
		{37B0DA96-55F4-4BFB-9744-903303B8D371}.Release|Any CPU.Build.0 = Release|Any CPU
		{DEFCE5DD-F842-4253-8F3C-904CCA39FB68}.Debug|Any CPU.ActiveCfg = Debug|Any CPU
		{DEFCE5DD-F842-4253-8F3C-904CCA39FB68}.Debug|Any CPU.Build.0 = Debug|Any CPU
		{DEFCE5DD-F842-4253-8F3C-904CCA39FB68}.Release|Any CPU.ActiveCfg = Release|Any CPU
		{DEFCE5DD-F842-4253-8F3C-904CCA39FB68}.Release|Any CPU.Build.0 = Release|Any CPU
		{542063C7-083A-4E38-B90B-CE54CE386F33}.Debug|Any CPU.ActiveCfg = Debug|Any CPU
		{542063C7-083A-4E38-B90B-CE54CE386F33}.Debug|Any CPU.Build.0 = Debug|Any CPU
		{542063C7-083A-4E38-B90B-CE54CE386F33}.Release|Any CPU.ActiveCfg = Release|Any CPU
		{542063C7-083A-4E38-B90B-CE54CE386F33}.Release|Any CPU.Build.0 = Release|Any CPU
		{2B7B9CB1-1B61-4F97-B1EF-442F6105EA6D}.Debug|Any CPU.ActiveCfg = Debug|Any CPU
		{2B7B9CB1-1B61-4F97-B1EF-442F6105EA6D}.Debug|Any CPU.Build.0 = Debug|Any CPU
		{2B7B9CB1-1B61-4F97-B1EF-442F6105EA6D}.Release|Any CPU.ActiveCfg = Release|Any CPU
		{2B7B9CB1-1B61-4F97-B1EF-442F6105EA6D}.Release|Any CPU.Build.0 = Release|Any CPU
		{8F7BAF63-1C10-44AC-8F30-558F3288A78E}.Debug|Any CPU.ActiveCfg = Debug|Any CPU
		{8F7BAF63-1C10-44AC-8F30-558F3288A78E}.Debug|Any CPU.Build.0 = Debug|Any CPU
		{8F7BAF63-1C10-44AC-8F30-558F3288A78E}.Release|Any CPU.ActiveCfg = Release|Any CPU
		{8F7BAF63-1C10-44AC-8F30-558F3288A78E}.Release|Any CPU.Build.0 = Release|Any CPU
	EndGlobalSection
	GlobalSection(SolutionProperties) = preSolution
		HideSolutionNode = FALSE
	EndGlobalSection
	GlobalSection(ExtensibilityGlobals) = postSolution
		SolutionGuid = {894F3A99-3EFE-49CE-AB27-8D6C7C20B139}
	EndGlobalSection
EndGlobal
